
Microsoft Visual Studio Solution File, Format Version 12.00
# Visual Studio 15
VisualStudioVersion = 15.0.27703.2035
MinimumVisualStudioVersion = 10.0.40219.1
Project("{FAE04EC0-301F-11D3-BF4B-00C04F79EFBC}") = "Luis", "Luis\Luis.csproj", "{7E2F5325-3D8A-40F4-B64C-DD6A02687AC3}"
EndProject
Global
	GlobalSection(SolutionConfigurationPlatforms) = preSolution
		Debug|Any CPU = Debug|Any CPU
		Release|Any CPU = Release|Any CPU
	EndGlobalSection
	GlobalSection(ProjectConfigurationPlatforms) = postSolution
		{7E2F5325-3D8A-40F4-B64C-DD6A02687AC3}.Debug|Any CPU.ActiveCfg = Debug|Any CPU
		{7E2F5325-3D8A-40F4-B64C-DD6A02687AC3}.Debug|Any CPU.Build.0 = Debug|Any CPU
		{7E2F5325-3D8A-40F4-B64C-DD6A02687AC3}.Release|Any CPU.ActiveCfg = Release|Any CPU
		{7E2F5325-3D8A-40F4-B64C-DD6A02687AC3}.Release|Any CPU.Build.0 = Release|Any CPU
	EndGlobalSection
	GlobalSection(SolutionProperties) = preSolution
		HideSolutionNode = FALSE
	EndGlobalSection
	GlobalSection(ExtensibilityGlobals) = postSolution
		SolutionGuid = {A0053C2B-FE9D-4508-B37C-B1F937485FE7}
	EndGlobalSection
EndGlobal
